// !$*UTF8*$!
{
	archiveVersion = 1;
	classes = {
	};
	objectVersion = 56;
	objects = {

/* Begin PBXBuildFile section */
		66038F8F29BE793D00C85A5C /* WhatsNewView.swift in Sources */ = {isa = PBXBuildFile; fileRef = 66038F8E29BE793D00C85A5C /* WhatsNewView.swift */; };
		663A3C3829BE7E3C008B42AC /* WhatsNewView.swift in Sources */ = {isa = PBXBuildFile; fileRef = 66038F8E29BE793D00C85A5C /* WhatsNewView.swift */; };
		663A83D029B9189F0003F2C8 /* Messages.framework in Frameworks */ = {isa = PBXBuildFile; fileRef = 663A83CF29B9189F0003F2C8 /* Messages.framework */; };
		663A83D329B9189F0003F2C8 /* MessagesViewController.swift in Sources */ = {isa = PBXBuildFile; fileRef = 663A83D229B9189F0003F2C8 /* MessagesViewController.swift */; };
		663A83DC29B918A00003F2C8 /* WordArtMessage.appex in Embed Foundation Extensions */ = {isa = PBXBuildFile; fileRef = 663A83CD29B9189F0003F2C8 /* WordArtMessage.appex */; settings = {ATTRIBUTES = (RemoveHeadersOnCopy, ); }; };
		663A83E129B918FE0003F2C8 /* OutputView.swift in Sources */ = {isa = PBXBuildFile; fileRef = 667921CE29B7D6270026AF42 /* OutputView.swift */; };
		663A83E229B918FE0003F2C8 /* HelpView.swift in Sources */ = {isa = PBXBuildFile; fileRef = 667921D029B7E0FA0026AF42 /* HelpView.swift */; };
		663A83E329B918FE0003F2C8 /* ContentView.swift in Sources */ = {isa = PBXBuildFile; fileRef = 667921BD29B769E50026AF42 /* ContentView.swift */; };
		663B4C0B29D322A700850D94 /* CombiningMarkRow.swift in Sources */ = {isa = PBXBuildFile; fileRef = 663B4C0A29D322A700850D94 /* CombiningMarkRow.swift */; };
		663B4C0C29D322A700850D94 /* CombiningMarkRow.swift in Sources */ = {isa = PBXBuildFile; fileRef = 663B4C0A29D322A700850D94 /* CombiningMarkRow.swift */; };
		6654732B29BEB36B00D83C70 /* CompactView.swift in Sources */ = {isa = PBXBuildFile; fileRef = 6654732A29BEB36B00D83C70 /* CompactView.swift */; };
		6654732C29BEB36B00D83C70 /* CompactView.swift in Sources */ = {isa = PBXBuildFile; fileRef = 6654732A29BEB36B00D83C70 /* CompactView.swift */; };
		667921BC29B769E50026AF42 /* WordArtApp.swift in Sources */ = {isa = PBXBuildFile; fileRef = 667921BB29B769E50026AF42 /* WordArtApp.swift */; };
		667921BE29B769E50026AF42 /* ContentView.swift in Sources */ = {isa = PBXBuildFile; fileRef = 667921BD29B769E50026AF42 /* ContentView.swift */; };
		667921C029B769E60026AF42 /* Assets.xcassets in Resources */ = {isa = PBXBuildFile; fileRef = 667921BF29B769E60026AF42 /* Assets.xcassets */; };
		667921C329B769E60026AF42 /* Preview Assets.xcassets in Resources */ = {isa = PBXBuildFile; fileRef = 667921C229B769E60026AF42 /* Preview Assets.xcassets */; };
		667921CF29B7D6270026AF42 /* OutputView.swift in Sources */ = {isa = PBXBuildFile; fileRef = 667921CE29B7D6270026AF42 /* OutputView.swift */; };
		667921D129B7E0FA0026AF42 /* HelpView.swift in Sources */ = {isa = PBXBuildFile; fileRef = 667921D029B7E0FA0026AF42 /* HelpView.swift */; };
		667E0CA32EF234FD0048EED1 /* FancyTextModel.swift in Sources */ = {isa = PBXBuildFile; fileRef = 667E0CA22EF234FD0048EED1 /* FancyTextModel.swift */; };
		667E0CA42EF234FD0048EED1 /* FancyTextModel.swift in Sources */ = {isa = PBXBuildFile; fileRef = 667E0CA22EF234FD0048EED1 /* FancyTextModel.swift */; };
		667E0CA62EF235030048EED1 /* UserSettings.swift in Sources */ = {isa = PBXBuildFile; fileRef = 667E0CA52EF235030048EED1 /* UserSettings.swift */; };
		667E0CA72EF235030048EED1 /* UserSettings.swift in Sources */ = {isa = PBXBuildFile; fileRef = 667E0CA52EF235030048EED1 /* UserSettings.swift */; };
		667E0CA92EF235210048EED1 /* UIComponents.swift in Sources */ = {isa = PBXBuildFile; fileRef = 667E0CA82EF235210048EED1 /* UIComponents.swift */; };
		667E0CAA2EF235210048EED1 /* UIComponents.swift in Sources */ = {isa = PBXBuildFile; fileRef = 667E0CA82EF235210048EED1 /* UIComponents.swift */; };
		66BB571129BEA827000B561E /* Assets.xcassets in Resources */ = {isa = PBXBuildFile; fileRef = 667921BF29B769E60026AF42 /* Assets.xcassets */; };
/* End PBXBuildFile section */

/* Begin PBXContainerItemProxy section */
		663A83DA29B918A00003F2C8 /* PBXContainerItemProxy */ = {
			isa = PBXContainerItemProxy;
			containerPortal = 667921B029B769E50026AF42 /* Project object */;
			proxyType = 1;
			remoteGlobalIDString = 663A83CC29B9189F0003F2C8;
			remoteInfo = WordArtMessage;
		};
/* End PBXContainerItemProxy section */

/* Begin PBXCopyFilesBuildPhase section */
		663A83E029B918A00003F2C8 /* Embed Foundation Extensions */ = {
			isa = PBXCopyFilesBuildPhase;
			buildActionMask = 2147483647;
			dstPath = "";
			dstSubfolderSpec = 13;
			files = (
				663A83DC29B918A00003F2C8 /* WordArtMessage.appex in Embed Foundation Extensions */,
			);
			name = "Embed Foundation Extensions";
			runOnlyForDeploymentPostprocessing = 0;
		};
/* End PBXCopyFilesBuildPhase section */

/* Begin PBXFileReference section */
		66038F8E29BE793D00C85A5C /* WhatsNewView.swift */ = {isa = PBXFileReference; lastKnownFileType = sourcecode.swift; path = WhatsNewView.swift; sourceTree = "<group>"; };
		663A83CD29B9189F0003F2C8 /* WordArtMessage.appex */ = {isa = PBXFileReference; explicitFileType = "wrapper.app-extension"; includeInIndex = 0; path = WordArtMessage.appex; sourceTree = BUILT_PRODUCTS_DIR; };
		663A83CF29B9189F0003F2C8 /* Messages.framework */ = {isa = PBXFileReference; lastKnownFileType = wrapper.framework; name = Messages.framework; path = System/Library/Frameworks/Messages.framework; sourceTree = SDKROOT; };
		663A83D229B9189F0003F2C8 /* MessagesViewController.swift */ = {isa = PBXFileReference; lastKnownFileType = sourcecode.swift; path = MessagesViewController.swift; sourceTree = "<group>"; };
		663A83D929B918A00003F2C8 /* Info.plist */ = {isa = PBXFileReference; lastKnownFileType = text.plist.xml; path = Info.plist; sourceTree = "<group>"; };
		663B4C0A29D322A700850D94 /* CombiningMarkRow.swift */ = {isa = PBXFileReference; lastKnownFileType = sourcecode.swift; path = CombiningMarkRow.swift; sourceTree = "<group>"; };
		6654732A29BEB36B00D83C70 /* CompactView.swift */ = {isa = PBXFileReference; lastKnownFileType = sourcecode.swift; path = CompactView.swift; sourceTree = "<group>"; };
		667921B829B769E50026AF42 /* WordArt.app */ = {isa = PBXFileReference; explicitFileType = wrapper.application; includeInIndex = 0; path = WordArt.app; sourceTree = BUILT_PRODUCTS_DIR; };
		667921BB29B769E50026AF42 /* WordArtApp.swift */ = {isa = PBXFileReference; lastKnownFileType = sourcecode.swift; path = WordArtApp.swift; sourceTree = "<group>"; };
		667921BD29B769E50026AF42 /* ContentView.swift */ = {isa = PBXFileReference; lastKnownFileType = sourcecode.swift; path = ContentView.swift; sourceTree = "<group>"; };
		667921BF29B769E60026AF42 /* Assets.xcassets */ = {isa = PBXFileReference; lastKnownFileType = folder.assetcatalog; path = Assets.xcassets; sourceTree = "<group>"; };
		667921C229B769E60026AF42 /* Preview Assets.xcassets */ = {isa = PBXFileReference; lastKnownFileType = folder.assetcatalog; path = "Preview Assets.xcassets"; sourceTree = "<group>"; };
		667921CB29B78A750026AF42 /* Info.plist */ = {isa = PBXFileReference; lastKnownFileType = text.plist; path = Info.plist; sourceTree = "<group>"; };
		667921CE29B7D6270026AF42 /* OutputView.swift */ = {isa = PBXFileReference; lastKnownFileType = sourcecode.swift; path = OutputView.swift; sourceTree = "<group>"; };
		667921D029B7E0FA0026AF42 /* HelpView.swift */ = {isa = PBXFileReference; lastKnownFileType = sourcecode.swift; path = HelpView.swift; sourceTree = "<group>"; };
		667E0CA22EF234FD0048EED1 /* FancyTextModel.swift */ = {isa = PBXFileReference; lastKnownFileType = sourcecode.swift; path = FancyTextModel.swift; sourceTree = "<group>"; };
		667E0CA52EF235030048EED1 /* UserSettings.swift */ = {isa = PBXFileReference; lastKnownFileType = sourcecode.swift; path = UserSettings.swift; sourceTree = "<group>"; };
		667E0CA82EF235210048EED1 /* UIComponents.swift */ = {isa = PBXFileReference; lastKnownFileType = sourcecode.swift; path = UIComponents.swift; sourceTree = "<group>"; };
/* End PBXFileReference section */

/* Begin PBXFrameworksBuildPhase section */
		663A83CA29B9189F0003F2C8 /* Frameworks */ = {
			isa = PBXFrameworksBuildPhase;
			buildActionMask = 2147483647;
			files = (
				663A83D029B9189F0003F2C8 /* Messages.framework in Frameworks */,
			);
			runOnlyForDeploymentPostprocessing = 0;
		};
		667921B529B769E50026AF42 /* Frameworks */ = {
			isa = PBXFrameworksBuildPhase;
			buildActionMask = 2147483647;
			files = (
			);
			runOnlyForDeploymentPostprocessing = 0;
		};
/* End PBXFrameworksBuildPhase section */

/* Begin PBXGroup section */
		663A83C829B9143C0003F2C8 /* SubViews */ = {
			isa = PBXGroup;
			children = (
				6654732A29BEB36B00D83C70 /* CompactView.swift */,
				663B4C0A29D322A700850D94 /* CombiningMarkRow.swift */,
				667E0CA82EF235210048EED1 /* UIComponents.swift */,
			);
			path = SubViews;
			sourceTree = "<group>";
		};
		663A83CE29B9189F0003F2C8 /* Frameworks */ = {
			isa = PBXGroup;
			children = (
				663A83CF29B9189F0003F2C8 /* Messages.framework */,
			);
			name = Frameworks;
			sourceTree = "<group>";
		};
		663A83D129B9189F0003F2C8 /* WordArtMessage */ = {
			isa = PBXGroup;
			children = (
				663A83D229B9189F0003F2C8 /* MessagesViewController.swift */,
				663A83D929B918A00003F2C8 /* Info.plist */,
			);
			path = WordArtMessage;
			sourceTree = "<group>";
		};
		667921AF29B769E50026AF42 = {
			isa = PBXGroup;
			children = (
				667921BA29B769E50026AF42 /* WordArt */,
				663A83D129B9189F0003F2C8 /* WordArtMessage */,
				663A83CE29B9189F0003F2C8 /* Frameworks */,
				667921B929B769E50026AF42 /* Products */,
			);
			sourceTree = "<group>";
		};
		667921B929B769E50026AF42 /* Products */ = {
			isa = PBXGroup;
			children = (
				667921B829B769E50026AF42 /* WordArt.app */,
				663A83CD29B9189F0003F2C8 /* WordArtMessage.appex */,
			);
			name = Products;
			sourceTree = "<group>";
		};
		667921BA29B769E50026AF42 /* WordArt */ = {
			isa = PBXGroup;
			children = (
				667921CB29B78A750026AF42 /* Info.plist */,
				667921BB29B769E50026AF42 /* WordArtApp.swift */,
				667921D229B7E1050026AF42 /* Views */,
				667921BF29B769E60026AF42 /* Assets.xcassets */,
				667921C129B769E60026AF42 /* Preview Content */,
				667E0CA22EF234FD0048EED1 /* FancyTextModel.swift */,
				667E0CA52EF235030048EED1 /* UserSettings.swift */,
			);
			path = WordArt;
			sourceTree = "<group>";
		};
		667921C129B769E60026AF42 /* Preview Content */ = {
			isa = PBXGroup;
			children = (
				667921C229B769E60026AF42 /* Preview Assets.xcassets */,
			);
			path = "Preview Content";
			sourceTree = "<group>";
		};
		667921D229B7E1050026AF42 /* Views */ = {
			isa = PBXGroup;
			children = (
				667921BD29B769E50026AF42 /* ContentView.swift */,
				667921CE29B7D6270026AF42 /* OutputView.swift */,
				667921D029B7E0FA0026AF42 /* HelpView.swift */,
				66038F8E29BE793D00C85A5C /* WhatsNewView.swift */,
				663A83C829B9143C0003F2C8 /* SubViews */,
			);
			path = Views;
			sourceTree = "<group>";
		};
/* End PBXGroup section */

/* Begin PBXNativeTarget section */
		663A83CC29B9189F0003F2C8 /* WordArtMessage */ = {
			isa = PBXNativeTarget;
			buildConfigurationList = 663A83DD29B918A00003F2C8 /* Build configuration list for PBXNativeTarget "WordArtMessage" */;
			buildPhases = (
				663A83C929B9189F0003F2C8 /* Sources */,
				663A83CA29B9189F0003F2C8 /* Frameworks */,
				663A83CB29B9189F0003F2C8 /* Resources */,
			);
			buildRules = (
			);
			dependencies = (
			);
			name = WordArtMessage;
			productName = WordArtMessage;
			productReference = 663A83CD29B9189F0003F2C8 /* WordArtMessage.appex */;
			productType = "com.apple.product-type.app-extension.messages";
		};
		667921B729B769E50026AF42 /* WordArt */ = {
			isa = PBXNativeTarget;
			buildConfigurationList = 667921C629B769E60026AF42 /* Build configuration list for PBXNativeTarget "WordArt" */;
			buildPhases = (
				667921B429B769E50026AF42 /* Sources */,
				667921B529B769E50026AF42 /* Frameworks */,
				667921B629B769E50026AF42 /* Resources */,
				663A83E029B918A00003F2C8 /* Embed Foundation Extensions */,
			);
			buildRules = (
			);
			dependencies = (
				663A83DB29B918A00003F2C8 /* PBXTargetDependency */,
			);
			name = WordArt;
			productName = WordArt;
			productReference = 667921B829B769E50026AF42 /* WordArt.app */;
			productType = "com.apple.product-type.application";
		};
/* End PBXNativeTarget section */

/* Begin PBXProject section */
		667921B029B769E50026AF42 /* Project object */ = {
			isa = PBXProject;
			attributes = {
				BuildIndependentTargetsInParallel = 1;
				LastSwiftUpdateCheck = 1420;
				LastUpgradeCheck = 2610;
				TargetAttributes = {
					663A83CC29B9189F0003F2C8 = {
						CreatedOnToolsVersion = 14.2;
					};
					667921B729B769E50026AF42 = {
						CreatedOnToolsVersion = 14.2;
					};
				};
			};
			buildConfigurationList = 667921B329B769E50026AF42 /* Build configuration list for PBXProject "WordArt" */;
			compatibilityVersion = "Xcode 14.0";
			developmentRegion = en;
			hasScannedForEncodings = 0;
			knownRegions = (
				en,
				Base,
			);
			mainGroup = 667921AF29B769E50026AF42;
			productRefGroup = 667921B929B769E50026AF42 /* Products */;
			projectDirPath = "";
			projectRoot = "";
			targets = (
				667921B729B769E50026AF42 /* WordArt */,
				663A83CC29B9189F0003F2C8 /* WordArtMessage */,
			);
		};
/* End PBXProject section */

/* Begin PBXResourcesBuildPhase section */
		663A83CB29B9189F0003F2C8 /* Resources */ = {
			isa = PBXResourcesBuildPhase;
			buildActionMask = 2147483647;
			files = (
				66BB571129BEA827000B561E /* Assets.xcassets in Resources */,
			);
			runOnlyForDeploymentPostprocessing = 0;
		};
		667921B629B769E50026AF42 /* Resources */ = {
			isa = PBXResourcesBuildPhase;
			buildActionMask = 2147483647;
			files = (
				667921C329B769E60026AF42 /* Preview Assets.xcassets in Resources */,
				667921C029B769E60026AF42 /* Assets.xcassets in Resources */,
			);
			runOnlyForDeploymentPostprocessing = 0;
		};
/* End PBXResourcesBuildPhase section */

/* Begin PBXSourcesBuildPhase section */
		663A83C929B9189F0003F2C8 /* Sources */ = {
			isa = PBXSourcesBuildPhase;
			buildActionMask = 2147483647;
			files = (
				667E0CA92EF235210048EED1 /* UIComponents.swift in Sources */,
				667E0CA42EF234FD0048EED1 /* FancyTextModel.swift in Sources */,
				667E0CA62EF235030048EED1 /* UserSettings.swift in Sources */,
				663B4C0C29D322A700850D94 /* CombiningMarkRow.swift in Sources */,
				6654732C29BEB36B00D83C70 /* CompactView.swift in Sources */,
				663A83D329B9189F0003F2C8 /* MessagesViewController.swift in Sources */,
				663A83E229B918FE0003F2C8 /* HelpView.swift in Sources */,
				663A83E329B918FE0003F2C8 /* ContentView.swift in Sources */,
				663A83E129B918FE0003F2C8 /* OutputView.swift in Sources */,
				663A3C3829BE7E3C008B42AC /* WhatsNewView.swift in Sources */,
			);
			runOnlyForDeploymentPostprocessing = 0;
		};
		667921B429B769E50026AF42 /* Sources */ = {
			isa = PBXSourcesBuildPhase;
			buildActionMask = 2147483647;
			files = (
				667E0CAA2EF235210048EED1 /* UIComponents.swift in Sources */,
				667E0CA32EF234FD0048EED1 /* FancyTextModel.swift in Sources */,
				667E0CA72EF235030048EED1 /* UserSettings.swift in Sources */,
				663B4C0B29D322A700850D94 /* CombiningMarkRow.swift in Sources */,
				6654732B29BEB36B00D83C70 /* CompactView.swift in Sources */,
				667921CF29B7D6270026AF42 /* OutputView.swift in Sources */,
				667921D129B7E0FA0026AF42 /* HelpView.swift in Sources */,
				667921BE29B769E50026AF42 /* ContentView.swift in Sources */,
				66038F8F29BE793D00C85A5C /* WhatsNewView.swift in Sources */,
				667921BC29B769E50026AF42 /* WordArtApp.swift in Sources */,
			);
			runOnlyForDeploymentPostprocessing = 0;
		};
/* End PBXSourcesBuildPhase section */

/* Begin PBXTargetDependency section */
		663A83DB29B918A00003F2C8 /* PBXTargetDependency */ = {
			isa = PBXTargetDependency;
			target = 663A83CC29B9189F0003F2C8 /* WordArtMessage */;
			targetProxy = 663A83DA29B918A00003F2C8 /* PBXContainerItemProxy */;
		};
/* End PBXTargetDependency section */

/* Begin XCBuildConfiguration section */
		663A83DE29B918A00003F2C8 /* Debug */ = {
			isa = XCBuildConfiguration;
			buildSettings = {
				ASSETCATALOG_COMPILER_APPICON_NAME = "iMessage App Icon";
				CODE_SIGN_ENTITLEMENTS = WordArtMessage/WordArtMessage.entitlements;
				CODE_SIGN_STYLE = Automatic;
				CURRENT_PROJECT_VERSION = 1;
				GENERATE_INFOPLIST_FILE = YES;
				INFOPLIST_FILE = WordArtMessage/Info.plist;
				INFOPLIST_KEY_CFBundleDisplayName = "Fancy Fonts";
				INFOPLIST_KEY_NSHumanReadableCopyright = "";
				INFOPLIST_KEY_UIApplicationSceneManifest_Generation = YES;
				IPHONEOS_DEPLOYMENT_TARGET = 17.6;
				LD_RUNPATH_SEARCH_PATHS = (
					"$(inherited)",
					"@executable_path/Frameworks",
					"@executable_path/../../Frameworks",
				);
				MARKETING_VERSION = 1.5;
				PRODUCT_BUNDLE_IDENTIFIER = com.ianazzone.WordArt.WordArtMessage;
				PRODUCT_NAME = "$(TARGET_NAME)";
				SKIP_INSTALL = YES;
				SWIFT_EMIT_LOC_STRINGS = YES;
				SWIFT_VERSION = 5.0;
				TARGETED_DEVICE_FAMILY = "1,2";
			};
			name = Debug;
		};
		663A83DF29B918A00003F2C8 /* Release */ = {
			isa = XCBuildConfiguration;
			buildSettings = {
				ASSETCATALOG_COMPILER_APPICON_NAME = "iMessage App Icon";
				CODE_SIGN_ENTITLEMENTS = WordArtMessage/WordArtMessage.entitlements;
				CODE_SIGN_STYLE = Automatic;
				CURRENT_PROJECT_VERSION = 1;
				GENERATE_INFOPLIST_FILE = YES;
				INFOPLIST_FILE = WordArtMessage/Info.plist;
				INFOPLIST_KEY_CFBundleDisplayName = "Fancy Fonts";
				INFOPLIST_KEY_NSHumanReadableCopyright = "";
				INFOPLIST_KEY_UIApplicationSceneManifest_Generation = YES;
				IPHONEOS_DEPLOYMENT_TARGET = 17.6;
				LD_RUNPATH_SEARCH_PATHS = (
					"$(inherited)",
					"@executable_path/Frameworks",
					"@executable_path/../../Frameworks",
				);
				MARKETING_VERSION = 1.5;
				PRODUCT_BUNDLE_IDENTIFIER = com.ianazzone.WordArt.WordArtMessage;
				PRODUCT_NAME = "$(TARGET_NAME)";
				SKIP_INSTALL = YES;
				SWIFT_EMIT_LOC_STRINGS = YES;
				SWIFT_VERSION = 5.0;
				TARGETED_DEVICE_FAMILY = "1,2";
			};
			name = Release;
		};
		667921C429B769E60026AF42 /* Debug */ = {
			isa = XCBuildConfiguration;
			buildSettings = {
				ALWAYS_SEARCH_USER_PATHS = NO;
				ASSETCATALOG_COMPILER_GENERATE_SWIFT_ASSET_SYMBOL_EXTENSIONS = YES;
				CLANG_ANALYZER_NONNULL = YES;
				CLANG_ANALYZER_NUMBER_OBJECT_CONVERSION = YES_AGGRESSIVE;
				CLANG_CXX_LANGUAGE_STANDARD = "gnu++20";
				CLANG_ENABLE_MODULES = YES;
				CLANG_ENABLE_OBJC_ARC = YES;
				CLANG_ENABLE_OBJC_WEAK = YES;
				CLANG_WARN_BLOCK_CAPTURE_AUTORELEASING = YES;
				CLANG_WARN_BOOL_CONVERSION = YES;
				CLANG_WARN_COMMA = YES;
				CLANG_WARN_CONSTANT_CONVERSION = YES;
				CLANG_WARN_DEPRECATED_OBJC_IMPLEMENTATIONS = YES;
				CLANG_WARN_DIRECT_OBJC_ISA_USAGE = YES_ERROR;
				CLANG_WARN_DOCUMENTATION_COMMENTS = YES;
				CLANG_WARN_EMPTY_BODY = YES;
				CLANG_WARN_ENUM_CONVERSION = YES;
				CLANG_WARN_INFINITE_RECURSION = YES;
				CLANG_WARN_INT_CONVERSION = YES;
				CLANG_WARN_NON_LITERAL_NULL_CONVERSION = YES;
				CLANG_WARN_OBJC_IMPLICIT_RETAIN_SELF = YES;
				CLANG_WARN_OBJC_LITERAL_CONVERSION = YES;
				CLANG_WARN_OBJC_ROOT_CLASS = YES_ERROR;
				CLANG_WARN_QUOTED_INCLUDE_IN_FRAMEWORK_HEADER = YES;
				CLANG_WARN_RANGE_LOOP_ANALYSIS = YES;
				CLANG_WARN_STRICT_PROTOTYPES = YES;
				CLANG_WARN_SUSPICIOUS_MOVE = YES;
				CLANG_WARN_UNGUARDED_AVAILABILITY = YES_AGGRESSIVE;
				CLANG_WARN_UNREACHABLE_CODE = YES;
				CLANG_WARN__DUPLICATE_METHOD_MATCH = YES;
				COPY_PHASE_STRIP = NO;
				DEBUG_INFORMATION_FORMAT = dwarf;
				DEVELOPMENT_TEAM = 4KVDEM64KR;
				ENABLE_STRICT_OBJC_MSGSEND = YES;
				ENABLE_TESTABILITY = YES;
				ENABLE_USER_SCRIPT_SANDBOXING = YES;
				GCC_C_LANGUAGE_STANDARD = gnu11;
				GCC_DYNAMIC_NO_PIC = NO;
				GCC_NO_COMMON_BLOCKS = YES;
				GCC_OPTIMIZATION_LEVEL = 0;
				GCC_PREPROCESSOR_DEFINITIONS = (
					"DEBUG=1",
					"$(inherited)",
				);
				GCC_WARN_64_TO_32_BIT_CONVERSION = YES;
				GCC_WARN_ABOUT_RETURN_TYPE = YES_ERROR;
				GCC_WARN_UNDECLARED_SELECTOR = YES;
				GCC_WARN_UNINITIALIZED_AUTOS = YES_AGGRESSIVE;
				GCC_WARN_UNUSED_FUNCTION = YES;
				GCC_WARN_UNUSED_VARIABLE = YES;
				IPHONEOS_DEPLOYMENT_TARGET = 16.0;
				MTL_ENABLE_DEBUG_INFO = INCLUDE_SOURCE;
				MTL_FAST_MATH = YES;
				ONLY_ACTIVE_ARCH = YES;
				SDKROOT = iphoneos;
				STRING_CATALOG_GENERATE_SYMBOLS = YES;
				SWIFT_ACTIVE_COMPILATION_CONDITIONS = DEBUG;
				SWIFT_OPTIMIZATION_LEVEL = "-Onone";
			};
			name = Debug;
		};
		667921C529B769E60026AF42 /* Release */ = {
			isa = XCBuildConfiguration;
			buildSettings = {
				ALWAYS_SEARCH_USER_PATHS = NO;
				ASSETCATALOG_COMPILER_GENERATE_SWIFT_ASSET_SYMBOL_EXTENSIONS = YES;
				CLANG_ANALYZER_NONNULL = YES;
				CLANG_ANALYZER_NUMBER_OBJECT_CONVERSION = YES_AGGRESSIVE;
				CLANG_CXX_LANGUAGE_STANDARD = "gnu++20";
				CLANG_ENABLE_MODULES = YES;
				CLANG_ENABLE_OBJC_ARC = YES;
				CLANG_ENABLE_OBJC_WEAK = YES;
				CLANG_WARN_BLOCK_CAPTURE_AUTORELEASING = YES;
				CLANG_WARN_BOOL_CONVERSION = YES;
				CLANG_WARN_COMMA = YES;
				CLANG_WARN_CONSTANT_CONVERSION = YES;
				CLANG_WARN_DEPRECATED_OBJC_IMPLEMENTATIONS = YES;
				CLANG_WARN_DIRECT_OBJC_ISA_USAGE = YES_ERROR;
				CLANG_WARN_DOCUMENTATION_COMMENTS = YES;
				CLANG_WARN_EMPTY_BODY = YES;
				CLANG_WARN_ENUM_CONVERSION = YES;
				CLANG_WARN_INFINITE_RECURSION = YES;
				CLANG_WARN_INT_CONVERSION = YES;
				CLANG_WARN_NON_LITERAL_NULL_CONVERSION = YES;
				CLANG_WARN_OBJC_IMPLICIT_RETAIN_SELF = YES;
				CLANG_WARN_OBJC_LITERAL_CONVERSION = YES;
				CLANG_WARN_OBJC_ROOT_CLASS = YES_ERROR;
				CLANG_WARN_QUOTED_INCLUDE_IN_FRAMEWORK_HEADER = YES;
				CLANG_WARN_RANGE_LOOP_ANALYSIS = YES;
				CLANG_WARN_STRICT_PROTOTYPES = YES;
				CLANG_WARN_SUSPICIOUS_MOVE = YES;
				CLANG_WARN_UNGUARDED_AVAILABILITY = YES_AGGRESSIVE;
				CLANG_WARN_UNREACHABLE_CODE = YES;
				CLANG_WARN__DUPLICATE_METHOD_MATCH = YES;
				COPY_PHASE_STRIP = NO;
				DEBUG_INFORMATION_FORMAT = "dwarf-with-dsym";
				DEVELOPMENT_TEAM = 4KVDEM64KR;
				ENABLE_NS_ASSERTIONS = NO;
				ENABLE_STRICT_OBJC_MSGSEND = YES;
				ENABLE_USER_SCRIPT_SANDBOXING = YES;
				GCC_C_LANGUAGE_STANDARD = gnu11;
				GCC_NO_COMMON_BLOCKS = YES;
				GCC_WARN_64_TO_32_BIT_CONVERSION = YES;
				GCC_WARN_ABOUT_RETURN_TYPE = YES_ERROR;
				GCC_WARN_UNDECLARED_SELECTOR = YES;
				GCC_WARN_UNINITIALIZED_AUTOS = YES_AGGRESSIVE;
				GCC_WARN_UNUSED_FUNCTION = YES;
				GCC_WARN_UNUSED_VARIABLE = YES;
				IPHONEOS_DEPLOYMENT_TARGET = 16.0;
				MTL_ENABLE_DEBUG_INFO = NO;
				MTL_FAST_MATH = YES;
				SDKROOT = iphoneos;
				STRING_CATALOG_GENERATE_SYMBOLS = YES;
				SWIFT_COMPILATION_MODE = wholemodule;
				SWIFT_OPTIMIZATION_LEVEL = "-O";
				VALIDATE_PRODUCT = YES;
			};
			name = Release;
		};
		667921C729B769E60026AF42 /* Debug */ = {
			isa = XCBuildConfiguration;
			buildSettings = {
				ASSETCATALOG_COMPILER_APPICON_NAME = AppIcon;
				ASSETCATALOG_COMPILER_GLOBAL_ACCENT_COLOR_NAME = AccentColor;
				CODE_SIGN_ENTITLEMENTS = WordArt/WordArt.entitlements;
				CODE_SIGN_STYLE = Automatic;
				CURRENT_PROJECT_VERSION = 1;
				DEVELOPMENT_ASSET_PATHS = "\"WordArt/Preview Content\"";
				ENABLE_PREVIEWS = YES;
				GENERATE_INFOPLIST_FILE = YES;
				INFOPLIST_FILE = WordArt/Info.plist;
				INFOPLIST_KEY_CFBundleDisplayName = "Fancy Fonts";
				INFOPLIST_KEY_LSApplicationCategoryType = "public.app-category.utilities";
				INFOPLIST_KEY_UIApplicationSupportsIndirectInputEvents = YES;
				INFOPLIST_KEY_UISupportedInterfaceOrientations = UIInterfaceOrientationPortrait;
				INFOPLIST_KEY_UISupportedInterfaceOrientations_iPad = "UIInterfaceOrientationLandscapeLeft UIInterfaceOrientationLandscapeRight UIInterfaceOrientationPortrait UIInterfaceOrientationPortraitUpsideDown";
				IPHONEOS_DEPLOYMENT_TARGET = 17.6;
				LD_RUNPATH_SEARCH_PATHS = (
					"$(inherited)",
					"@executable_path/Frameworks",
				);
				MARKETING_VERSION = 1.5;
				PRODUCT_BUNDLE_IDENTIFIER = com.ianazzone.WordArt;
				PRODUCT_NAME = "$(TARGET_NAME)";
				SUPPORTED_PLATFORMS = "iphoneos iphonesimulator";
				SUPPORTS_MACCATALYST = NO;
				SUPPORTS_MAC_DESIGNED_FOR_IPHONE_IPAD = NO;
				SWIFT_EMIT_LOC_STRINGS = YES;
				SWIFT_VERSION = 5.0;
				TARGETED_DEVICE_FAMILY = "1,2";
			};
			name = Debug;
		};
		667921C829B769E60026AF42 /* Release */ = {
			isa = XCBuildConfiguration;
			buildSettings = {
				ASSETCATALOG_COMPILER_APPICON_NAME = AppIcon;
				ASSETCATALOG_COMPILER_GLOBAL_ACCENT_COLOR_NAME = AccentColor;
				CODE_SIGN_ENTITLEMENTS = WordArt/WordArt.entitlements;
				CODE_SIGN_STYLE = Automatic;
				CURRENT_PROJECT_VERSION = 1;
				DEVELOPMENT_ASSET_PATHS = "\"WordArt/Preview Content\"";
				ENABLE_PREVIEWS = YES;
				GENERATE_INFOPLIST_FILE = YES;
				INFOPLIST_FILE = WordArt/Info.plist;
				INFOPLIST_KEY_CFBundleDisplayName = "Fancy Fonts";
				INFOPLIST_KEY_LSApplicationCategoryType = "public.app-category.utilities";
				INFOPLIST_KEY_UIApplicationSupportsIndirectInputEvents = YES;
				INFOPLIST_KEY_UISupportedInterfaceOrientations = UIInterfaceOrientationPortrait;
				INFOPLIST_KEY_UISupportedInterfaceOrientations_iPad = "UIInterfaceOrientationLandscapeLeft UIInterfaceOrientationLandscapeRight UIInterfaceOrientationPortrait UIInterfaceOrientationPortraitUpsideDown";
				IPHONEOS_DEPLOYMENT_TARGET = 17.6;
				LD_RUNPATH_SEARCH_PATHS = (
					"$(inherited)",
					"@executable_path/Frameworks",
				);
				MARKETING_VERSION = 1.5;
				PRODUCT_BUNDLE_IDENTIFIER = com.ianazzone.WordArt;
				PRODUCT_NAME = "$(TARGET_NAME)";
				SUPPORTED_PLATFORMS = "iphoneos iphonesimulator";
				SUPPORTS_MACCATALYST = NO;
				SUPPORTS_MAC_DESIGNED_FOR_IPHONE_IPAD = NO;
				SWIFT_EMIT_LOC_STRINGS = YES;
				SWIFT_VERSION = 5.0;
				TARGETED_DEVICE_FAMILY = "1,2";
			};
			name = Release;
		};
/* End XCBuildConfiguration section */

/* Begin XCConfigurationList section */
		663A83DD29B918A00003F2C8 /* Build configuration list for PBXNativeTarget "WordArtMessage" */ = {
			isa = XCConfigurationList;
			buildConfigurations = (
				663A83DE29B918A00003F2C8 /* Debug */,
				663A83DF29B918A00003F2C8 /* Release */,
			);
			defaultConfigurationIsVisible = 0;
			defaultConfigurationName = Release;
		};
		667921B329B769E50026AF42 /* Build configuration list for PBXProject "WordArt" */ = {
			isa = XCConfigurationList;
			buildConfigurations = (
				667921C429B769E60026AF42 /* Debug */,
				667921C529B769E60026AF42 /* Release */,
			);
			defaultConfigurationIsVisible = 0;
			defaultConfigurationName = Release;
		};
		667921C629B769E60026AF42 /* Build configuration list for PBXNativeTarget "WordArt" */ = {
			isa = XCConfigurationList;
			buildConfigurations = (
				667921C729B769E60026AF42 /* Debug */,
				667921C829B769E60026AF42 /* Release */,
			);
			defaultConfigurationIsVisible = 0;
			defaultConfigurationName = Release;
		};
/* End XCConfigurationList section */
	};
	rootObject = 667921B029B769E50026AF42 /* Project object */;
}
